// !$*UTF8*$!
{
	archiveVersion = 1;
	classes = {
	};
	objectVersion = 51;
	objects = {

/* Begin PBXBuildFile section */
		3808E7DA22E1B17300918E22 /* AppTempData.swift in Sources */ = {isa = PBXBuildFile; fileRef = 3808E7D922E1B17300918E22 /* AppTempData.swift */; };
		3808E7DC22E1C10000918E22 /* AuthenticationViewController.swift in Sources */ = {isa = PBXBuildFile; fileRef = 3808E7DB22E1C10000918E22 /* AuthenticationViewController.swift */; };
		38BB150F22E2D9DB003548C6 /* MyProfileViewController.swift in Sources */ = {isa = PBXBuildFile; fileRef = 38BB150E22E2D9DB003548C6 /* MyProfileViewController.swift */; };
		38BB151122E2E5EA003548C6 /* ForgotPasswordViewController.swift in Sources */ = {isa = PBXBuildFile; fileRef = 38BB151022E2E5EA003548C6 /* ForgotPasswordViewController.swift */; };
		E71B523522DF20FE00E68130 /* AppDelegate.swift in Sources */ = {isa = PBXBuildFile; fileRef = E71B523422DF20FE00E68130 /* AppDelegate.swift */; };
		E71B523722DF20FE00E68130 /* ViewController.swift in Sources */ = {isa = PBXBuildFile; fileRef = E71B523622DF20FE00E68130 /* ViewController.swift */; };
		E71B523A22DF20FE00E68130 /* Main.storyboard in Resources */ = {isa = PBXBuildFile; fileRef = E71B523822DF20FE00E68130 /* Main.storyboard */; };
		E71B523C22DF210000E68130 /* Assets.xcassets in Resources */ = {isa = PBXBuildFile; fileRef = E71B523B22DF210000E68130 /* Assets.xcassets */; };
		E71B523F22DF210000E68130 /* LaunchScreen.storyboard in Resources */ = {isa = PBXBuildFile; fileRef = E71B523D22DF210000E68130 /* LaunchScreen.storyboard */; };
		E754E40F22F86EBA007445D4 /* Student.swift in Sources */ = {isa = PBXBuildFile; fileRef = E754E40E22F86EBA007445D4 /* Student.swift */; };
		E754E41122F873B5007445D4 /* RegisterViewController.swift in Sources */ = {isa = PBXBuildFile; fileRef = E754E41022F873B5007445D4 /* RegisterViewController.swift */; };
		E754E41522F87760007445D4 /* ForumQuestionCategoriesViewController.swift in Sources */ = {isa = PBXBuildFile; fileRef = E754E41422F87760007445D4 /* ForumQuestionCategoriesViewController.swift */; };
		E754E41722F877ED007445D4 /* ForumQuestionCategoriesTableViewCell.swift in Sources */ = {isa = PBXBuildFile; fileRef = E754E41622F877ED007445D4 /* ForumQuestionCategoriesTableViewCell.swift */; };
		E754E41C22F87BA4007445D4 /* QuestionCategory.swift in Sources */ = {isa = PBXBuildFile; fileRef = E754E41B22F87BA4007445D4 /* QuestionCategory.swift */; };
		E754E41E22F894AB007445D4 /* CategorySelectedViewController.swift in Sources */ = {isa = PBXBuildFile; fileRef = E754E41D22F894AB007445D4 /* CategorySelectedViewController.swift */; };
		E754E42022F8992E007445D4 /* QuestionTableViewCell.swift in Sources */ = {isa = PBXBuildFile; fileRef = E754E41F22F8992E007445D4 /* QuestionTableViewCell.swift */; };
		E7ADCB1322E388650002D270 /* GoogleService-Info.plist in Resources */ = {isa = PBXBuildFile; fileRef = E7ADCB1222E388650002D270 /* GoogleService-Info.plist */; };
		E7C1E46122E0688500021A01 /* Authentication.storyboard in Resources */ = {isa = PBXBuildFile; fileRef = E7C1E46022E0688500021A01 /* Authentication.storyboard */; };
		E7C1E46422E068BC00021A01 /* Home.storyboard in Resources */ = {isa = PBXBuildFile; fileRef = E7C1E46322E068BC00021A01 /* Home.storyboard */; };
		E9944FA1EA08EBB804041736 /* Pods_NIBM_StudentNet.framework in Frameworks */ = {isa = PBXBuildFile; fileRef = 3F5D7184E8198819CAFA9365 /* Pods_NIBM_StudentNet.framework */; };
/* End PBXBuildFile section */

/* Begin PBXFileReference section */
		129F2BEB0BC7A2937D70B934 /* Pods-NIBM StudentNet.debug.xcconfig */ = {isa = PBXFileReference; includeInIndex = 1; lastKnownFileType = text.xcconfig; name = "Pods-NIBM StudentNet.debug.xcconfig"; path = "Target Support Files/Pods-NIBM StudentNet/Pods-NIBM StudentNet.debug.xcconfig"; sourceTree = "<group>"; };
		3808E7D922E1B17300918E22 /* AppTempData.swift */ = {isa = PBXFileReference; lastKnownFileType = sourcecode.swift; path = AppTempData.swift; sourceTree = "<group>"; };
		3808E7DB22E1C10000918E22 /* AuthenticationViewController.swift */ = {isa = PBXFileReference; lastKnownFileType = sourcecode.swift; path = AuthenticationViewController.swift; sourceTree = "<group>"; };
		38BB150E22E2D9DB003548C6 /* MyProfileViewController.swift */ = {isa = PBXFileReference; lastKnownFileType = sourcecode.swift; path = MyProfileViewController.swift; sourceTree = "<group>"; };
		38BB151022E2E5EA003548C6 /* ForgotPasswordViewController.swift */ = {isa = PBXFileReference; lastKnownFileType = sourcecode.swift; path = ForgotPasswordViewController.swift; sourceTree = "<group>"; };
		3F5D7184E8198819CAFA9365 /* Pods_NIBM_StudentNet.framework */ = {isa = PBXFileReference; explicitFileType = wrapper.framework; includeInIndex = 0; path = Pods_NIBM_StudentNet.framework; sourceTree = BUILT_PRODUCTS_DIR; };
		A55B7624B7BA101FFE5D9D6A /* Pods-NIBM StudentNet.release.xcconfig */ = {isa = PBXFileReference; includeInIndex = 1; lastKnownFileType = text.xcconfig; name = "Pods-NIBM StudentNet.release.xcconfig"; path = "Target Support Files/Pods-NIBM StudentNet/Pods-NIBM StudentNet.release.xcconfig"; sourceTree = "<group>"; };
		E71B523122DF20FE00E68130 /* NIBM StudentNet.app */ = {isa = PBXFileReference; explicitFileType = wrapper.application; includeInIndex = 0; path = "NIBM StudentNet.app"; sourceTree = BUILT_PRODUCTS_DIR; };
		E71B523422DF20FE00E68130 /* AppDelegate.swift */ = {isa = PBXFileReference; lastKnownFileType = sourcecode.swift; path = AppDelegate.swift; sourceTree = "<group>"; };
		E71B523622DF20FE00E68130 /* ViewController.swift */ = {isa = PBXFileReference; lastKnownFileType = sourcecode.swift; path = ViewController.swift; sourceTree = "<group>"; };
		E71B523922DF20FE00E68130 /* Base */ = {isa = PBXFileReference; lastKnownFileType = file.storyboard; name = Base; path = Base.lproj/Main.storyboard; sourceTree = "<group>"; };
		E71B523B22DF210000E68130 /* Assets.xcassets */ = {isa = PBXFileReference; lastKnownFileType = folder.assetcatalog; path = Assets.xcassets; sourceTree = "<group>"; };
		E71B523E22DF210000E68130 /* Base */ = {isa = PBXFileReference; lastKnownFileType = file.storyboard; name = Base; path = Base.lproj/LaunchScreen.storyboard; sourceTree = "<group>"; };
		E71B524022DF210000E68130 /* Info.plist */ = {isa = PBXFileReference; lastKnownFileType = text.plist.xml; path = Info.plist; sourceTree = "<group>"; };
		E754E40E22F86EBA007445D4 /* Student.swift */ = {isa = PBXFileReference; lastKnownFileType = sourcecode.swift; path = Student.swift; sourceTree = "<group>"; };
		E754E41022F873B5007445D4 /* RegisterViewController.swift */ = {isa = PBXFileReference; lastKnownFileType = sourcecode.swift; path = RegisterViewController.swift; sourceTree = "<group>"; };
		E754E41422F87760007445D4 /* ForumQuestionCategoriesViewController.swift */ = {isa = PBXFileReference; lastKnownFileType = sourcecode.swift; path = ForumQuestionCategoriesViewController.swift; sourceTree = "<group>"; };
		E754E41622F877ED007445D4 /* ForumQuestionCategoriesTableViewCell.swift */ = {isa = PBXFileReference; lastKnownFileType = sourcecode.swift; path = ForumQuestionCategoriesTableViewCell.swift; sourceTree = "<group>"; };
		E754E41B22F87BA4007445D4 /* QuestionCategory.swift */ = {isa = PBXFileReference; lastKnownFileType = sourcecode.swift; path = QuestionCategory.swift; sourceTree = "<group>"; };
		E754E41D22F894AB007445D4 /* CategorySelectedViewController.swift */ = {isa = PBXFileReference; lastKnownFileType = sourcecode.swift; path = CategorySelectedViewController.swift; sourceTree = "<group>"; };
		E754E41F22F8992E007445D4 /* QuestionTableViewCell.swift */ = {isa = PBXFileReference; lastKnownFileType = sourcecode.swift; path = QuestionTableViewCell.swift; sourceTree = "<group>"; };
		E7ADCB1222E388650002D270 /* GoogleService-Info.plist */ = {isa = PBXFileReference; fileEncoding = 4; lastKnownFileType = text.plist.xml; name = "GoogleService-Info.plist"; path = "../../Documents/Acadamic/Coventry University/Y4S2/Agile Development/GoogleService-Info.plist"; sourceTree = "<group>"; };
		E7C1E46022E0688500021A01 /* Authentication.storyboard */ = {isa = PBXFileReference; lastKnownFileType = file.storyboard; path = Authentication.storyboard; sourceTree = "<group>"; };
		E7C1E46322E068BC00021A01 /* Home.storyboard */ = {isa = PBXFileReference; lastKnownFileType = file.storyboard; path = Home.storyboard; sourceTree = "<group>"; };
/* End PBXFileReference section */

/* Begin PBXFrameworksBuildPhase section */
		E71B522E22DF20FE00E68130 /* Frameworks */ = {
			isa = PBXFrameworksBuildPhase;
			buildActionMask = 2147483647;
			files = (
				E9944FA1EA08EBB804041736 /* Pods_NIBM_StudentNet.framework in Frameworks */,
			);
			runOnlyForDeploymentPostprocessing = 0;
		};
/* End PBXFrameworksBuildPhase section */

/* Begin PBXGroup section */
		0A4038DA7C63CCBC8AB2EDB1 /* Pods */ = {
			isa = PBXGroup;
			children = (
				129F2BEB0BC7A2937D70B934 /* Pods-NIBM StudentNet.debug.xcconfig */,
				A55B7624B7BA101FFE5D9D6A /* Pods-NIBM StudentNet.release.xcconfig */,
			);
			path = Pods;
			sourceTree = "<group>";
		};
		38B3EC9622E17F3400C0D6B7 /* Contollers */ = {
			isa = PBXGroup;
			children = (
				E71B523622DF20FE00E68130 /* ViewController.swift */,
				3808E7DB22E1C10000918E22 /* AuthenticationViewController.swift */,
				38BB150E22E2D9DB003548C6 /* MyProfileViewController.swift */,
				38BB151022E2E5EA003548C6 /* ForgotPasswordViewController.swift */,
				E754E41022F873B5007445D4 /* RegisterViewController.swift */,
				E754E41422F87760007445D4 /* ForumQuestionCategoriesViewController.swift */,
				E754E41622F877ED007445D4 /* ForumQuestionCategoriesTableViewCell.swift */,
				E754E41D22F894AB007445D4 /* CategorySelectedViewController.swift */,
				E754E41F22F8992E007445D4 /* QuestionTableViewCell.swift */,
			);
			path = Contollers;
			sourceTree = "<group>";
		};
		38B3EC9822E17F7D00C0D6B7 /* App Support */ = {
			isa = PBXGroup;
			children = (
				3808E7D922E1B17300918E22 /* AppTempData.swift */,
			);
			path = "App Support";
			sourceTree = "<group>";
		};
		D7A90503BD93F752876B31E2 /* Frameworks */ = {
			isa = PBXGroup;
			children = (
				3F5D7184E8198819CAFA9365 /* Pods_NIBM_StudentNet.framework */,
			);
			name = Frameworks;
			sourceTree = "<group>";
		};
		E71B522822DF20FE00E68130 = {
			isa = PBXGroup;
			children = (
				E741560522E8951500D2023D /* Models */,
				E71B523322DF20FE00E68130 /* NIBM StudentNet */,
				E71B523222DF20FE00E68130 /* Products */,
				0A4038DA7C63CCBC8AB2EDB1 /* Pods */,
				D7A90503BD93F752876B31E2 /* Frameworks */,
			);
			sourceTree = "<group>";
		};
		E71B523222DF20FE00E68130 /* Products */ = {
			isa = PBXGroup;
			children = (
				E71B523122DF20FE00E68130 /* NIBM StudentNet.app */,
			);
			name = Products;
			sourceTree = "<group>";
		};
		E71B523322DF20FE00E68130 /* NIBM StudentNet */ = {
			isa = PBXGroup;
			children = (
				E7ADCB1222E388650002D270 /* GoogleService-Info.plist */,
				E71B523422DF20FE00E68130 /* AppDelegate.swift */,
				E7C1E46222E068A200021A01 /* Storyboards */,
				38B3EC9822E17F7D00C0D6B7 /* App Support */,
				38B3EC9622E17F3400C0D6B7 /* Contollers */,
				E71B523B22DF210000E68130 /* Assets.xcassets */,
				E71B524022DF210000E68130 /* Info.plist */,
			);
			path = "NIBM StudentNet";
			sourceTree = "<group>";
		};
		E741560522E8951500D2023D /* Models */ = {
			isa = PBXGroup;
			children = (
				E754E40E22F86EBA007445D4 /* Student.swift */,
				E754E41B22F87BA4007445D4 /* QuestionCategory.swift */,
			);
			path = Models;
			sourceTree = "<group>";
		};
		E7C1E46222E068A200021A01 /* Storyboards */ = {
			isa = PBXGroup;
			children = (
				E71B523822DF20FE00E68130 /* Main.storyboard */,
				E7C1E46022E0688500021A01 /* Authentication.storyboard */,
				E7C1E46322E068BC00021A01 /* Home.storyboard */,
				E71B523D22DF210000E68130 /* LaunchScreen.storyboard */,
			);
			path = Storyboards;
			sourceTree = "<group>";
		};
/* End PBXGroup section */

/* Begin PBXNativeTarget section */
		E71B523022DF20FE00E68130 /* NIBM StudentNet */ = {
			isa = PBXNativeTarget;
			buildConfigurationList = E71B524322DF210000E68130 /* Build configuration list for PBXNativeTarget "NIBM StudentNet" */;
			buildPhases = (
				B6242FB6E930F73F24B5D7F2 /* [CP] Check Pods Manifest.lock */,
				E71B522D22DF20FE00E68130 /* Sources */,
				E71B522E22DF20FE00E68130 /* Frameworks */,
				E71B522F22DF20FE00E68130 /* Resources */,
				5DDBD767C75F76219B7C38BC /* [CP] Embed Pods Frameworks */,
			);
			buildRules = (
			);
			dependencies = (
			);
			name = "NIBM StudentNet";
			productName = "NIBM StudentNet";
			productReference = E71B523122DF20FE00E68130 /* NIBM StudentNet.app */;
			productType = "com.apple.product-type.application";
		};
/* End PBXNativeTarget section */

/* Begin PBXProject section */
		E71B522922DF20FE00E68130 /* Project object */ = {
			isa = PBXProject;
			attributes = {
				LastSwiftUpdateCheck = 1010;
				LastUpgradeCheck = 1010;
				ORGANIZATIONNAME = "Tuhan Sapumanage";
				TargetAttributes = {
					E71B523022DF20FE00E68130 = {
						CreatedOnToolsVersion = 10.1;
					};
				};
			};
			buildConfigurationList = E71B522C22DF20FE00E68130 /* Build configuration list for PBXProject "NIBM StudentNet" */;
			compatibilityVersion = "Xcode 9.3";
			developmentRegion = en;
			hasScannedForEncodings = 0;
			knownRegions = (
				en,
				Base,
			);
			mainGroup = E71B522822DF20FE00E68130;
			productRefGroup = E71B523222DF20FE00E68130 /* Products */;
			projectDirPath = "";
			projectRoot = "";
			targets = (
				E71B523022DF20FE00E68130 /* NIBM StudentNet */,
			);
		};
/* End PBXProject section */

/* Begin PBXResourcesBuildPhase section */
		E71B522F22DF20FE00E68130 /* Resources */ = {
			isa = PBXResourcesBuildPhase;
			buildActionMask = 2147483647;
			files = (
				E7C1E46122E0688500021A01 /* Authentication.storyboard in Resources */,
				E7C1E46422E068BC00021A01 /* Home.storyboard in Resources */,
				E71B523F22DF210000E68130 /* LaunchScreen.storyboard in Resources */,
				E71B523C22DF210000E68130 /* Assets.xcassets in Resources */,
				E71B523A22DF20FE00E68130 /* Main.storyboard in Resources */,
				E7ADCB1322E388650002D270 /* GoogleService-Info.plist in Resources */,
			);
			runOnlyForDeploymentPostprocessing = 0;
		};
/* End PBXResourcesBuildPhase section */

/* Begin PBXShellScriptBuildPhase section */
		5DDBD767C75F76219B7C38BC /* [CP] Embed Pods Frameworks */ = {
			isa = PBXShellScriptBuildPhase;
			buildActionMask = 2147483647;
			files = (
			);
			inputFileListPaths = (
				"${PODS_ROOT}/Target Support Files/Pods-NIBM StudentNet/Pods-NIBM StudentNet-frameworks-${CONFIGURATION}-input-files.xcfilelist",
			);
			name = "[CP] Embed Pods Frameworks";
			outputFileListPaths = (
				"${PODS_ROOT}/Target Support Files/Pods-NIBM StudentNet/Pods-NIBM StudentNet-frameworks-${CONFIGURATION}-output-files.xcfilelist",
			);
			runOnlyForDeploymentPostprocessing = 0;
			shellPath = /bin/sh;
			shellScript = "\"${PODS_ROOT}/Target Support Files/Pods-NIBM StudentNet/Pods-NIBM StudentNet-frameworks.sh\"\n";
			showEnvVarsInLog = 0;
		};
		B6242FB6E930F73F24B5D7F2 /* [CP] Check Pods Manifest.lock */ = {
			isa = PBXShellScriptBuildPhase;
			buildActionMask = 2147483647;
			files = (
			);
			inputFileListPaths = (
			);
			inputPaths = (
				"${PODS_PODFILE_DIR_PATH}/Podfile.lock",
				"${PODS_ROOT}/Manifest.lock",
			);
			name = "[CP] Check Pods Manifest.lock";
			outputFileListPaths = (
			);
			outputPaths = (
				"$(DERIVED_FILE_DIR)/Pods-NIBM StudentNet-checkManifestLockResult.txt",
			);
			runOnlyForDeploymentPostprocessing = 0;
			shellPath = /bin/sh;
			shellScript = "diff \"${PODS_PODFILE_DIR_PATH}/Podfile.lock\" \"${PODS_ROOT}/Manifest.lock\" > /dev/null\nif [ $? != 0 ] ; then\n    # print error to STDERR\n    echo \"error: The sandbox is not in sync with the Podfile.lock. Run 'pod install' or update your CocoaPods installation.\" >&2\n    exit 1\nfi\n# This output is used by Xcode 'outputs' to avoid re-running this script phase.\necho \"SUCCESS\" > \"${SCRIPT_OUTPUT_FILE_0}\"\n";
			showEnvVarsInLog = 0;
		};
/* End PBXShellScriptBuildPhase section */

/* Begin PBXSourcesBuildPhase section */
		E71B522D22DF20FE00E68130 /* Sources */ = {
			isa = PBXSourcesBuildPhase;
			buildActionMask = 2147483647;
			files = (
				E754E41522F87760007445D4 /* ForumQuestionCategoriesViewController.swift in Sources */,
				E754E42022F8992E007445D4 /* QuestionTableViewCell.swift in Sources */,
				E754E41E22F894AB007445D4 /* CategorySelectedViewController.swift in Sources */,
				38BB150F22E2D9DB003548C6 /* MyProfileViewController.swift in Sources */,
				E754E41C22F87BA4007445D4 /* QuestionCategory.swift in Sources */,
				3808E7DC22E1C10000918E22 /* AuthenticationViewController.swift in Sources */,
				38BB151122E2E5EA003548C6 /* ForgotPasswordViewController.swift in Sources */,
				E754E41122F873B5007445D4 /* RegisterViewController.swift in Sources */,
				E754E41722F877ED007445D4 /* ForumQuestionCategoriesTableViewCell.swift in Sources */,
				E71B523722DF20FE00E68130 /* ViewController.swift in Sources */,
				3808E7DA22E1B17300918E22 /* AppTempData.swift in Sources */,
				E754E40F22F86EBA007445D4 /* Student.swift in Sources */,
				E71B523522DF20FE00E68130 /* AppDelegate.swift in Sources */,
			);
			runOnlyForDeploymentPostprocessing = 0;
		};
/* End PBXSourcesBuildPhase section */

/* Begin PBXVariantGroup section */
		E71B523822DF20FE00E68130 /* Main.storyboard */ = {
			isa = PBXVariantGroup;
			children = (
				E71B523922DF20FE00E68130 /* Base */,
			);
			name = Main.storyboard;
			sourceTree = "<group>";
		};
		E71B523D22DF210000E68130 /* LaunchScreen.storyboard */ = {
			isa = PBXVariantGroup;
			children = (
				E71B523E22DF210000E68130 /* Base */,
			);
			name = LaunchScreen.storyboard;
			sourceTree = "<group>";
		};
/* End PBXVariantGroup section */

/* Begin XCBuildConfiguration section */
		E71B524122DF210000E68130 /* Debug */ = {
			isa = XCBuildConfiguration;
			buildSettings = {
				ALWAYS_SEARCH_USER_PATHS = NO;
				CLANG_ANALYZER_NONNULL = YES;
				CLANG_ANALYZER_NUMBER_OBJECT_CONVERSION = YES_AGGRESSIVE;
				CLANG_CXX_LANGUAGE_STANDARD = "gnu++14";
				CLANG_CXX_LIBRARY = "libc++";
				CLANG_ENABLE_MODULES = YES;
				CLANG_ENABLE_OBJC_ARC = YES;
				CLANG_ENABLE_OBJC_WEAK = YES;
				CLANG_WARN_BLOCK_CAPTURE_AUTORELEASING = YES;
				CLANG_WARN_BOOL_CONVERSION = YES;
				CLANG_WARN_COMMA = YES;
				CLANG_WARN_CONSTANT_CONVERSION = YES;
				CLANG_WARN_DEPRECATED_OBJC_IMPLEMENTATIONS = YES;
				CLANG_WARN_DIRECT_OBJC_ISA_USAGE = YES_ERROR;
				CLANG_WARN_DOCUMENTATION_COMMENTS = YES;
				CLANG_WARN_EMPTY_BODY = YES;
				CLANG_WARN_ENUM_CONVERSION = YES;
				CLANG_WARN_INFINITE_RECURSION = YES;
				CLANG_WARN_INT_CONVERSION = YES;
				CLANG_WARN_NON_LITERAL_NULL_CONVERSION = YES;
				CLANG_WARN_OBJC_IMPLICIT_RETAIN_SELF = YES;
				CLANG_WARN_OBJC_LITERAL_CONVERSION = YES;
				CLANG_WARN_OBJC_ROOT_CLASS = YES_ERROR;
				CLANG_WARN_RANGE_LOOP_ANALYSIS = YES;
				CLANG_WARN_STRICT_PROTOTYPES = YES;
				CLANG_WARN_SUSPICIOUS_MOVE = YES;
				CLANG_WARN_UNGUARDED_AVAILABILITY = YES_AGGRESSIVE;
				CLANG_WARN_UNREACHABLE_CODE = YES;
				CLANG_WARN__DUPLICATE_METHOD_MATCH = YES;
				CODE_SIGN_IDENTITY = "iPhone Developer";
				COPY_PHASE_STRIP = NO;
				DEBUG_INFORMATION_FORMAT = dwarf;
				ENABLE_STRICT_OBJC_MSGSEND = YES;
				ENABLE_TESTABILITY = YES;
				GCC_C_LANGUAGE_STANDARD = gnu11;
				GCC_DYNAMIC_NO_PIC = NO;
				GCC_NO_COMMON_BLOCKS = YES;
				GCC_OPTIMIZATION_LEVEL = 0;
				GCC_PREPROCESSOR_DEFINITIONS = (
					"DEBUG=1",
					"$(inherited)",
				);
				GCC_WARN_64_TO_32_BIT_CONVERSION = YES;
				GCC_WARN_ABOUT_RETURN_TYPE = YES_ERROR;
				GCC_WARN_UNDECLARED_SELECTOR = YES;
				GCC_WARN_UNINITIALIZED_AUTOS = YES_AGGRESSIVE;
				GCC_WARN_UNUSED_FUNCTION = YES;
				GCC_WARN_UNUSED_VARIABLE = YES;
				IPHONEOS_DEPLOYMENT_TARGET = 12.1;
				MTL_ENABLE_DEBUG_INFO = INCLUDE_SOURCE;
				MTL_FAST_MATH = YES;
				ONLY_ACTIVE_ARCH = YES;
				SDKROOT = iphoneos;
				SWIFT_ACTIVE_COMPILATION_CONDITIONS = DEBUG;
				SWIFT_OPTIMIZATION_LEVEL = "-Onone";
			};
			name = Debug;
		};
		E71B524222DF210000E68130 /* Release */ = {
			isa = XCBuildConfiguration;
			buildSettings = {
				ALWAYS_SEARCH_USER_PATHS = NO;
				CLANG_ANALYZER_NONNULL = YES;
				CLANG_ANALYZER_NUMBER_OBJECT_CONVERSION = YES_AGGRESSIVE;
				CLANG_CXX_LANGUAGE_STANDARD = "gnu++14";
				CLANG_CXX_LIBRARY = "libc++";
				CLANG_ENABLE_MODULES = YES;
				CLANG_ENABLE_OBJC_ARC = YES;
				CLANG_ENABLE_OBJC_WEAK = YES;
				CLANG_WARN_BLOCK_CAPTURE_AUTORELEASING = YES;
				CLANG_WARN_BOOL_CONVERSION = YES;
				CLANG_WARN_COMMA = YES;
				CLANG_WARN_CONSTANT_CONVERSION = YES;
				CLANG_WARN_DEPRECATED_OBJC_IMPLEMENTATIONS = YES;
				CLANG_WARN_DIRECT_OBJC_ISA_USAGE = YES_ERROR;
				CLANG_WARN_DOCUMENTATION_COMMENTS = YES;
				CLANG_WARN_EMPTY_BODY = YES;
				CLANG_WARN_ENUM_CONVERSION = YES;
				CLANG_WARN_INFINITE_RECURSION = YES;
				CLANG_WARN_INT_CONVERSION = YES;
				CLANG_WARN_NON_LITERAL_NULL_CONVERSION = YES;
				CLANG_WARN_OBJC_IMPLICIT_RETAIN_SELF = YES;
				CLANG_WARN_OBJC_LITERAL_CONVERSION = YES;
				CLANG_WARN_OBJC_ROOT_CLASS = YES_ERROR;
				CLANG_WARN_RANGE_LOOP_ANALYSIS = YES;
				CLANG_WARN_STRICT_PROTOTYPES = YES;
				CLANG_WARN_SUSPICIOUS_MOVE = YES;
				CLANG_WARN_UNGUARDED_AVAILABILITY = YES_AGGRESSIVE;
				CLANG_WARN_UNREACHABLE_CODE = YES;
				CLANG_WARN__DUPLICATE_METHOD_MATCH = YES;
				CODE_SIGN_IDENTITY = "iPhone Developer";
				COPY_PHASE_STRIP = NO;
				DEBUG_INFORMATION_FORMAT = "dwarf-with-dsym";
				ENABLE_NS_ASSERTIONS = NO;
				ENABLE_STRICT_OBJC_MSGSEND = YES;
				GCC_C_LANGUAGE_STANDARD = gnu11;
				GCC_NO_COMMON_BLOCKS = YES;
				GCC_WARN_64_TO_32_BIT_CONVERSION = YES;
				GCC_WARN_ABOUT_RETURN_TYPE = YES_ERROR;
				GCC_WARN_UNDECLARED_SELECTOR = YES;
				GCC_WARN_UNINITIALIZED_AUTOS = YES_AGGRESSIVE;
				GCC_WARN_UNUSED_FUNCTION = YES;
				GCC_WARN_UNUSED_VARIABLE = YES;
				IPHONEOS_DEPLOYMENT_TARGET = 12.1;
				MTL_ENABLE_DEBUG_INFO = NO;
				MTL_FAST_MATH = YES;
				SDKROOT = iphoneos;
				SWIFT_COMPILATION_MODE = wholemodule;
				SWIFT_OPTIMIZATION_LEVEL = "-O";
				VALIDATE_PRODUCT = YES;
			};
			name = Release;
		};
		E71B524422DF210000E68130 /* Debug */ = {
			isa = XCBuildConfiguration;
			baseConfigurationReference = 129F2BEB0BC7A2937D70B934 /* Pods-NIBM StudentNet.debug.xcconfig */;
			buildSettings = {
				ASSETCATALOG_COMPILER_APPICON_NAME = AppIcon;
				CODE_SIGN_STYLE = Automatic;
				DEVELOPMENT_TEAM = "";
				INFOPLIST_FILE = "NIBM StudentNet/Info.plist";
				LD_RUNPATH_SEARCH_PATHS = (
					"$(inherited)",
					"@executable_path/Frameworks",
				);
				PRODUCT_BUNDLE_IDENTIFIER = "com.tuhan.NIBM-StudentNet";
				PRODUCT_NAME = "$(TARGET_NAME)";
				SWIFT_VERSION = 4.2;
				TARGETED_DEVICE_FAMILY = 1;
			};
			name = Debug;
		};
		E71B524522DF210000E68130 /* Release */ = {
			isa = XCBuildConfiguration;
			baseConfigurationReference = A55B7624B7BA101FFE5D9D6A /* Pods-NIBM StudentNet.release.xcconfig */;
			buildSettings = {
				ASSETCATALOG_COMPILER_APPICON_NAME = AppIcon;
				CODE_SIGN_STYLE = Automatic;
				DEVELOPMENT_TEAM = "";
				INFOPLIST_FILE = "NIBM StudentNet/Info.plist";
				LD_RUNPATH_SEARCH_PATHS = (
					"$(inherited)",
					"@executable_path/Frameworks",
				);
				PRODUCT_BUNDLE_IDENTIFIER = "com.tuhan.NIBM-StudentNet";
				PRODUCT_NAME = "$(TARGET_NAME)";
				SWIFT_VERSION = 4.2;
				TARGETED_DEVICE_FAMILY = 1;
			};
			name = Release;
		};
/* End XCBuildConfiguration section */

/* Begin XCConfigurationList section */
		E71B522C22DF20FE00E68130 /* Build configuration list for PBXProject "NIBM StudentNet" */ = {
			isa = XCConfigurationList;
			buildConfigurations = (
				E71B524122DF210000E68130 /* Debug */,
				E71B524222DF210000E68130 /* Release */,
			);
			defaultConfigurationIsVisible = 0;
			defaultConfigurationName = Release;
		};
		E71B524322DF210000E68130 /* Build configuration list for PBXNativeTarget "NIBM StudentNet" */ = {
			isa = XCConfigurationList;
			buildConfigurations = (
				E71B524422DF210000E68130 /* Debug */,
				E71B524522DF210000E68130 /* Release */,
			);
			defaultConfigurationIsVisible = 0;
			defaultConfigurationName = Release;
		};
/* End XCConfigurationList section */
	};
	rootObject = E71B522922DF20FE00E68130 /* Project object */;
}
